
Microsoft Visual Studio Solution File, Format Version 12.00
# Visual Studio 2012
Project("{FAE04EC0-301F-11D3-BF4B-00C04F79EFBC}") = "TypeScriptScratch", "TypeScriptScratch\TypeScriptScratch.csproj", "{45BB6D6C-1F73-4F8B-A88C-6A2418339289}"
EndProject
Project("{FAE04EC0-301F-11D3-BF4B-00C04F79EFBC}") = "BoardGame", "BoardGame\BoardGame.csproj", "{7EA0C31B-1D69-44B3-9B0A-85E14827DB80}"
EndProject
Project("{262852C6-CD72-467D-83FE-5EEB1973A190}") = "RubbaRabbit", "Ludus-master\example-games\RubbaRabbit\RubbaRabbit.jsproj", "{A7A4512A-1C57-47B1-AD07-147F34959733}"
EndProject
Project("{FAE04EC0-301F-11D3-BF4B-00C04F79EFBC}") = "Engine", "Engine\Engine.csproj", "{2DDA5D34-26B8-4AE6-BC60-8CFF1F3F90D7}"
EndProject
Project("{FAE04EC0-301F-11D3-BF4B-00C04F79EFBC}") = "SimpleEngine", "SimpleEngine\SimpleEngine.csproj", "{5369C3A2-9D4D-458C-92D9-7A19AFAD53F4}"
EndProject
Global
	GlobalSection(SolutionConfigurationPlatforms) = preSolution
		Debug|Any CPU = Debug|Any CPU
		Debug|ARM = Debug|ARM
		Debug|x64 = Debug|x64
		Debug|x86 = Debug|x86
		Release|Any CPU = Release|Any CPU
		Release|ARM = Release|ARM
		Release|x64 = Release|x64
		Release|x86 = Release|x86
	EndGlobalSection
	GlobalSection(ProjectConfigurationPlatforms) = postSolution
		{45BB6D6C-1F73-4F8B-A88C-6A2418339289}.Debug|Any CPU.ActiveCfg = Debug|Any CPU
		{45BB6D6C-1F73-4F8B-A88C-6A2418339289}.Debug|Any CPU.Build.0 = Debug|Any CPU
		{45BB6D6C-1F73-4F8B-A88C-6A2418339289}.Debug|ARM.ActiveCfg = Debug|Any CPU
		{45BB6D6C-1F73-4F8B-A88C-6A2418339289}.Debug|x64.ActiveCfg = Debug|Any CPU
		{45BB6D6C-1F73-4F8B-A88C-6A2418339289}.Debug|x86.ActiveCfg = Debug|Any CPU
		{45BB6D6C-1F73-4F8B-A88C-6A2418339289}.Release|Any CPU.ActiveCfg = Release|Any CPU
		{45BB6D6C-1F73-4F8B-A88C-6A2418339289}.Release|Any CPU.Build.0 = Release|Any CPU
		{45BB6D6C-1F73-4F8B-A88C-6A2418339289}.Release|ARM.ActiveCfg = Release|Any CPU
		{45BB6D6C-1F73-4F8B-A88C-6A2418339289}.Release|x64.ActiveCfg = Release|Any CPU
		{45BB6D6C-1F73-4F8B-A88C-6A2418339289}.Release|x86.ActiveCfg = Release|Any CPU
		{7EA0C31B-1D69-44B3-9B0A-85E14827DB80}.Debug|Any CPU.ActiveCfg = Debug|Any CPU
		{7EA0C31B-1D69-44B3-9B0A-85E14827DB80}.Debug|Any CPU.Build.0 = Debug|Any CPU
		{7EA0C31B-1D69-44B3-9B0A-85E14827DB80}.Debug|ARM.ActiveCfg = Debug|Any CPU
		{7EA0C31B-1D69-44B3-9B0A-85E14827DB80}.Debug|x64.ActiveCfg = Debug|Any CPU
		{7EA0C31B-1D69-44B3-9B0A-85E14827DB80}.Debug|x86.ActiveCfg = Debug|Any CPU
		{7EA0C31B-1D69-44B3-9B0A-85E14827DB80}.Release|Any CPU.ActiveCfg = Release|Any CPU
		{7EA0C31B-1D69-44B3-9B0A-85E14827DB80}.Release|Any CPU.Build.0 = Release|Any CPU
		{7EA0C31B-1D69-44B3-9B0A-85E14827DB80}.Release|ARM.ActiveCfg = Release|Any CPU
		{7EA0C31B-1D69-44B3-9B0A-85E14827DB80}.Release|x64.ActiveCfg = Release|Any CPU
		{7EA0C31B-1D69-44B3-9B0A-85E14827DB80}.Release|x86.ActiveCfg = Release|Any CPU
		{A7A4512A-1C57-47B1-AD07-147F34959733}.Debug|Any CPU.ActiveCfg = Debug|Any CPU
		{A7A4512A-1C57-47B1-AD07-147F34959733}.Debug|Any CPU.Build.0 = Debug|Any CPU
		{A7A4512A-1C57-47B1-AD07-147F34959733}.Debug|Any CPU.Deploy.0 = Debug|Any CPU
		{A7A4512A-1C57-47B1-AD07-147F34959733}.Debug|ARM.ActiveCfg = Debug|ARM
		{A7A4512A-1C57-47B1-AD07-147F34959733}.Debug|ARM.Build.0 = Debug|ARM
		{A7A4512A-1C57-47B1-AD07-147F34959733}.Debug|ARM.Deploy.0 = Debug|ARM
		{A7A4512A-1C57-47B1-AD07-147F34959733}.Debug|x64.ActiveCfg = Debug|x64
		{A7A4512A-1C57-47B1-AD07-147F34959733}.Debug|x64.Build.0 = Debug|x64
		{A7A4512A-1C57-47B1-AD07-147F34959733}.Debug|x64.Deploy.0 = Debug|x64
		{A7A4512A-1C57-47B1-AD07-147F34959733}.Debug|x86.ActiveCfg = Debug|x86
		{A7A4512A-1C57-47B1-AD07-147F34959733}.Debug|x86.Build.0 = Debug|x86
		{A7A4512A-1C57-47B1-AD07-147F34959733}.Debug|x86.Deploy.0 = Debug|x86
		{A7A4512A-1C57-47B1-AD07-147F34959733}.Release|Any CPU.ActiveCfg = Release|Any CPU
		{A7A4512A-1C57-47B1-AD07-147F34959733}.Release|Any CPU.Build.0 = Release|Any CPU
		{A7A4512A-1C57-47B1-AD07-147F34959733}.Release|Any CPU.Deploy.0 = Release|Any CPU
		{A7A4512A-1C57-47B1-AD07-147F34959733}.Release|ARM.ActiveCfg = Release|ARM
		{A7A4512A-1C57-47B1-AD07-147F34959733}.Release|ARM.Build.0 = Release|ARM
		{A7A4512A-1C57-47B1-AD07-147F34959733}.Release|ARM.Deploy.0 = Release|ARM
		{A7A4512A-1C57-47B1-AD07-147F34959733}.Release|x64.ActiveCfg = Release|x64
		{A7A4512A-1C57-47B1-AD07-147F34959733}.Release|x64.Build.0 = Release|x64
		{A7A4512A-1C57-47B1-AD07-147F34959733}.Release|x64.Deploy.0 = Release|x64
		{A7A4512A-1C57-47B1-AD07-147F34959733}.Release|x86.ActiveCfg = Release|x86
		{A7A4512A-1C57-47B1-AD07-147F34959733}.Release|x86.Build.0 = Release|x86
		{A7A4512A-1C57-47B1-AD07-147F34959733}.Release|x86.Deploy.0 = Release|x86
		{2DDA5D34-26B8-4AE6-BC60-8CFF1F3F90D7}.Debug|Any CPU.ActiveCfg = Debug|Any CPU
		{2DDA5D34-26B8-4AE6-BC60-8CFF1F3F90D7}.Debug|Any CPU.Build.0 = Debug|Any CPU
		{2DDA5D34-26B8-4AE6-BC60-8CFF1F3F90D7}.Debug|ARM.ActiveCfg = Debug|Any CPU
		{2DDA5D34-26B8-4AE6-BC60-8CFF1F3F90D7}.Debug|x64.ActiveCfg = Debug|Any CPU
		{2DDA5D34-26B8-4AE6-BC60-8CFF1F3F90D7}.Debug|x86.ActiveCfg = Debug|Any CPU
		{2DDA5D34-26B8-4AE6-BC60-8CFF1F3F90D7}.Release|Any CPU.ActiveCfg = Release|Any CPU
		{2DDA5D34-26B8-4AE6-BC60-8CFF1F3F90D7}.Release|Any CPU.Build.0 = Release|Any CPU
		{2DDA5D34-26B8-4AE6-BC60-8CFF1F3F90D7}.Release|ARM.ActiveCfg = Release|Any CPU
		{2DDA5D34-26B8-4AE6-BC60-8CFF1F3F90D7}.Release|x64.ActiveCfg = Release|Any CPU
		{2DDA5D34-26B8-4AE6-BC60-8CFF1F3F90D7}.Release|x86.ActiveCfg = Release|Any CPU
		{5369C3A2-9D4D-458C-92D9-7A19AFAD53F4}.Debug|Any CPU.ActiveCfg = Debug|Any CPU
		{5369C3A2-9D4D-458C-92D9-7A19AFAD53F4}.Debug|Any CPU.Build.0 = Debug|Any CPU
		{5369C3A2-9D4D-458C-92D9-7A19AFAD53F4}.Debug|ARM.ActiveCfg = Debug|Any CPU
		{5369C3A2-9D4D-458C-92D9-7A19AFAD53F4}.Debug|x64.ActiveCfg = Debug|Any CPU
		{5369C3A2-9D4D-458C-92D9-7A19AFAD53F4}.Debug|x86.ActiveCfg = Debug|Any CPU
		{5369C3A2-9D4D-458C-92D9-7A19AFAD53F4}.Release|Any CPU.ActiveCfg = Release|Any CPU
		{5369C3A2-9D4D-458C-92D9-7A19AFAD53F4}.Release|Any CPU.Build.0 = Release|Any CPU
		{5369C3A2-9D4D-458C-92D9-7A19AFAD53F4}.Release|ARM.ActiveCfg = Release|Any CPU
		{5369C3A2-9D4D-458C-92D9-7A19AFAD53F4}.Release|x64.ActiveCfg = Release|Any CPU
		{5369C3A2-9D4D-458C-92D9-7A19AFAD53F4}.Release|x86.ActiveCfg = Release|Any CPU
	EndGlobalSection
	GlobalSection(SolutionProperties) = preSolution
		HideSolutionNode = FALSE
	EndGlobalSection
EndGlobal
